
Microsoft Visual Studio Solution File, Format Version 12.00
# Visual Studio Version 16
VisualStudioVersion = 16.0.31025.194
MinimumVisualStudioVersion = 10.0.40219.1
Project("{9A19103F-16F7-4668-BE54-9A1E7A4F7556}") = "RefactoringsTest2021", "RefactoringsTest2021\RefactoringsTest2021.csproj", "{41B8B193-39DC-472B-A741-9BEED9337032}"
EndProject
Project("{FAE04EC0-301F-11D3-BF4B-00C04F79EFBC}") = "Framework_Lib", "Framework_Lib\Framework_Lib.csproj", "{9C463404-98CE-4312-9065-85B10FCA9259}"
EndProject
Project("{9A19103F-16F7-4668-BE54-9A1E7A4F7556}") = "Multi", "Multi\Multi.csproj", "{B61B63F8-EA7D-4B40-A649-BD41D0B18460}"
EndProject
Project("{D954291E-2A0B-460D-934E-DC6B0785DB48}") = "Shared", "Shared\Shared.shproj", "{07D2B070-3101-4B15-A73F-345C4B845299}"
EndProject
Project("{FAE04EC0-301F-11D3-BF4B-00C04F79EFBC}") = "AN", "AN\AN.csproj", "{92B9C4AC-FE15-44CB-9909-6BCA3CAFC721}"
EndProject
Project("{9A19103F-16F7-4668-BE54-9A1E7A4F7556}") = "WinForms", "WinForms\WinForms.csproj", "{4B0D2E08-0F48-42D7-A90B-416C780A45DA}"
EndProject
Project("{F184B08F-C81C-45F6-A57F-5ABD9991F28F}") = "VB_RefactoringsTest", "VB_RefactoringsTest\VB_RefactoringsTest.vbproj", "{A1AEA11E-6719-4A10-BC3C-745461FB6B30}"
EndProject
Project("{8BC9CEB8-8B4A-11D0-8D11-00A0C91BC942}") = "CPP_RefactoringsTest", "CPP_RefactoringsTest\CPP_RefactoringsTest.vcxproj", "{2E6BE5AB-C50F-4693-9822-8F7F47F059F8}"
EndProject
Global
	GlobalSection(SharedMSBuildProjectFiles) = preSolution
		Shared\Shared.projitems*{07d2b070-3101-4b15-a73f-345c4b845299}*SharedItemsImports = 13
		Shared\Shared.projitems*{41b8b193-39dc-472b-a741-9beed9337032}*SharedItemsImports = 5
	EndGlobalSection
	GlobalSection(SolutionConfigurationPlatforms) = preSolution
		Debug|Any CPU = Debug|Any CPU
		Debug|x64 = Debug|x64
		Debug|x86 = Debug|x86
		Release|Any CPU = Release|Any CPU
		Release|x64 = Release|x64
		Release|x86 = Release|x86
	EndGlobalSection
	GlobalSection(ProjectConfigurationPlatforms) = postSolution
		{41B8B193-39DC-472B-A741-9BEED9337032}.Debug|Any CPU.ActiveCfg = Debug|Any CPU
		{41B8B193-39DC-472B-A741-9BEED9337032}.Debug|Any CPU.Build.0 = Debug|Any CPU
		{41B8B193-39DC-472B-A741-9BEED9337032}.Debug|x64.ActiveCfg = Debug|Any CPU
		{41B8B193-39DC-472B-A741-9BEED9337032}.Debug|x64.Build.0 = Debug|Any CPU
		{41B8B193-39DC-472B-A741-9BEED9337032}.Debug|x86.ActiveCfg = Debug|Any CPU
		{41B8B193-39DC-472B-A741-9BEED9337032}.Debug|x86.Build.0 = Debug|Any CPU
		{41B8B193-39DC-472B-A741-9BEED9337032}.Release|Any CPU.ActiveCfg = Release|Any CPU
		{41B8B193-39DC-472B-A741-9BEED9337032}.Release|Any CPU.Build.0 = Release|Any CPU
		{41B8B193-39DC-472B-A741-9BEED9337032}.Release|x64.ActiveCfg = Release|Any CPU
		{41B8B193-39DC-472B-A741-9BEED9337032}.Release|x64.Build.0 = Release|Any CPU
		{41B8B193-39DC-472B-A741-9BEED9337032}.Release|x86.ActiveCfg = Release|Any CPU
		{41B8B193-39DC-472B-A741-9BEED9337032}.Release|x86.Build.0 = Release|Any CPU
		{9C463404-98CE-4312-9065-85B10FCA9259}.Debug|Any CPU.ActiveCfg = Debug|Any CPU
		{9C463404-98CE-4312-9065-85B10FCA9259}.Debug|Any CPU.Build.0 = Debug|Any CPU
		{9C463404-98CE-4312-9065-85B10FCA9259}.Debug|x64.ActiveCfg = Debug|Any CPU
		{9C463404-98CE-4312-9065-85B10FCA9259}.Debug|x64.Build.0 = Debug|Any CPU
		{9C463404-98CE-4312-9065-85B10FCA9259}.Debug|x86.ActiveCfg = Debug|Any CPU
		{9C463404-98CE-4312-9065-85B10FCA9259}.Debug|x86.Build.0 = Debug|Any CPU
		{9C463404-98CE-4312-9065-85B10FCA9259}.Release|Any CPU.ActiveCfg = Release|Any CPU
		{9C463404-98CE-4312-9065-85B10FCA9259}.Release|Any CPU.Build.0 = Release|Any CPU
		{9C463404-98CE-4312-9065-85B10FCA9259}.Release|x64.ActiveCfg = Release|Any CPU
		{9C463404-98CE-4312-9065-85B10FCA9259}.Release|x64.Build.0 = Release|Any CPU
		{9C463404-98CE-4312-9065-85B10FCA9259}.Release|x86.ActiveCfg = Release|Any CPU
		{9C463404-98CE-4312-9065-85B10FCA9259}.Release|x86.Build.0 = Release|Any CPU
		{B61B63F8-EA7D-4B40-A649-BD41D0B18460}.Debug|Any CPU.ActiveCfg = Debug|Any CPU
		{B61B63F8-EA7D-4B40-A649-BD41D0B18460}.Debug|Any CPU.Build.0 = Debug|Any CPU
		{B61B63F8-EA7D-4B40-A649-BD41D0B18460}.Debug|x64.ActiveCfg = Debug|Any CPU
		{B61B63F8-EA7D-4B40-A649-BD41D0B18460}.Debug|x64.Build.0 = Debug|Any CPU
		{B61B63F8-EA7D-4B40-A649-BD41D0B18460}.Debug|x86.ActiveCfg = Debug|Any CPU
		{B61B63F8-EA7D-4B40-A649-BD41D0B18460}.Debug|x86.Build.0 = Debug|Any CPU
		{B61B63F8-EA7D-4B40-A649-BD41D0B18460}.Release|Any CPU.ActiveCfg = Release|Any CPU
		{B61B63F8-EA7D-4B40-A649-BD41D0B18460}.Release|Any CPU.Build.0 = Release|Any CPU
		{B61B63F8-EA7D-4B40-A649-BD41D0B18460}.Release|x64.ActiveCfg = Release|Any CPU
		{B61B63F8-EA7D-4B40-A649-BD41D0B18460}.Release|x64.Build.0 = Release|Any CPU
		{B61B63F8-EA7D-4B40-A649-BD41D0B18460}.Release|x86.ActiveCfg = Release|Any CPU
		{B61B63F8-EA7D-4B40-A649-BD41D0B18460}.Release|x86.Build.0 = Release|Any CPU
		{92B9C4AC-FE15-44CB-9909-6BCA3CAFC721}.Debug|Any CPU.ActiveCfg = Debug|Any CPU
		{92B9C4AC-FE15-44CB-9909-6BCA3CAFC721}.Debug|Any CPU.Build.0 = Debug|Any CPU
		{92B9C4AC-FE15-44CB-9909-6BCA3CAFC721}.Debug|x64.ActiveCfg = Debug|Any CPU
		{92B9C4AC-FE15-44CB-9909-6BCA3CAFC721}.Debug|x64.Build.0 = Debug|Any CPU
		{92B9C4AC-FE15-44CB-9909-6BCA3CAFC721}.Debug|x86.ActiveCfg = Debug|Any CPU
		{92B9C4AC-FE15-44CB-9909-6BCA3CAFC721}.Debug|x86.Build.0 = Debug|Any CPU
		{92B9C4AC-FE15-44CB-9909-6BCA3CAFC721}.Release|Any CPU.ActiveCfg = Release|Any CPU
		{92B9C4AC-FE15-44CB-9909-6BCA3CAFC721}.Release|Any CPU.Build.0 = Release|Any CPU
		{92B9C4AC-FE15-44CB-9909-6BCA3CAFC721}.Release|x64.ActiveCfg = Release|Any CPU
		{92B9C4AC-FE15-44CB-9909-6BCA3CAFC721}.Release|x64.Build.0 = Release|Any CPU
		{92B9C4AC-FE15-44CB-9909-6BCA3CAFC721}.Release|x86.ActiveCfg = Release|Any CPU
		{92B9C4AC-FE15-44CB-9909-6BCA3CAFC721}.Release|x86.Build.0 = Release|Any CPU
		{4B0D2E08-0F48-42D7-A90B-416C780A45DA}.Debug|Any CPU.ActiveCfg = Debug|Any CPU
		{4B0D2E08-0F48-42D7-A90B-416C780A45DA}.Debug|Any CPU.Build.0 = Debug|Any CPU
		{4B0D2E08-0F48-42D7-A90B-416C780A45DA}.Debug|x64.ActiveCfg = Debug|Any CPU
		{4B0D2E08-0F48-42D7-A90B-416C780A45DA}.Debug|x64.Build.0 = Debug|Any CPU
		{4B0D2E08-0F48-42D7-A90B-416C780A45DA}.Debug|x86.ActiveCfg = Debug|Any CPU
		{4B0D2E08-0F48-42D7-A90B-416C780A45DA}.Debug|x86.Build.0 = Debug|Any CPU
		{4B0D2E08-0F48-42D7-A90B-416C780A45DA}.Release|Any CPU.ActiveCfg = Release|Any CPU
		{4B0D2E08-0F48-42D7-A90B-416C780A45DA}.Release|Any CPU.Build.0 = Release|Any CPU
		{4B0D2E08-0F48-42D7-A90B-416C780A45DA}.Release|x64.ActiveCfg = Release|Any CPU
		{4B0D2E08-0F48-42D7-A90B-416C780A45DA}.Release|x64.Build.0 = Release|Any CPU
		{4B0D2E08-0F48-42D7-A90B-416C780A45DA}.Release|x86.ActiveCfg = Release|Any CPU
		{4B0D2E08-0F48-42D7-A90B-416C780A45DA}.Release|x86.Build.0 = Release|Any CPU
		{A1AEA11E-6719-4A10-BC3C-745461FB6B30}.Debug|Any CPU.ActiveCfg = Debug|Any CPU
		{A1AEA11E-6719-4A10-BC3C-745461FB6B30}.Debug|Any CPU.Build.0 = Debug|Any CPU
		{A1AEA11E-6719-4A10-BC3C-745461FB6B30}.Debug|x64.ActiveCfg = Debug|Any CPU
		{A1AEA11E-6719-4A10-BC3C-745461FB6B30}.Debug|x64.Build.0 = Debug|Any CPU
		{A1AEA11E-6719-4A10-BC3C-745461FB6B30}.Debug|x86.ActiveCfg = Debug|Any CPU
		{A1AEA11E-6719-4A10-BC3C-745461FB6B30}.Debug|x86.Build.0 = Debug|Any CPU
		{A1AEA11E-6719-4A10-BC3C-745461FB6B30}.Release|Any CPU.ActiveCfg = Release|Any CPU
		{A1AEA11E-6719-4A10-BC3C-745461FB6B30}.Release|Any CPU.Build.0 = Release|Any CPU
		{A1AEA11E-6719-4A10-BC3C-745461FB6B30}.Release|x64.ActiveCfg = Release|Any CPU
		{A1AEA11E-6719-4A10-BC3C-745461FB6B30}.Release|x64.Build.0 = Release|Any CPU
		{A1AEA11E-6719-4A10-BC3C-745461FB6B30}.Release|x86.ActiveCfg = Release|Any CPU
		{A1AEA11E-6719-4A10-BC3C-745461FB6B30}.Release|x86.Build.0 = Release|Any CPU
		{2E6BE5AB-C50F-4693-9822-8F7F47F059F8}.Debug|Any CPU.ActiveCfg = Debug|Win32
		{2E6BE5AB-C50F-4693-9822-8F7F47F059F8}.Debug|x64.ActiveCfg = Debug|x64
		{2E6BE5AB-C50F-4693-9822-8F7F47F059F8}.Debug|x64.Build.0 = Debug|x64
		{2E6BE5AB-C50F-4693-9822-8F7F47F059F8}.Debug|x86.ActiveCfg = Debug|Win32
		{2E6BE5AB-C50F-4693-9822-8F7F47F059F8}.Debug|x86.Build.0 = Debug|Win32
		{2E6BE5AB-C50F-4693-9822-8F7F47F059F8}.Release|Any CPU.ActiveCfg = Release|Win32
		{2E6BE5AB-C50F-4693-9822-8F7F47F059F8}.Release|x64.ActiveCfg = Release|x64
		{2E6BE5AB-C50F-4693-9822-8F7F47F059F8}.Release|x64.Build.0 = Release|x64
		{2E6BE5AB-C50F-4693-9822-8F7F47F059F8}.Release|x86.ActiveCfg = Release|Win32
		{2E6BE5AB-C50F-4693-9822-8F7F47F059F8}.Release|x86.Build.0 = Release|Win32
	EndGlobalSection
	GlobalSection(SolutionProperties) = preSolution
		HideSolutionNode = FALSE
	EndGlobalSection
	GlobalSection(ExtensibilityGlobals) = postSolution
		SolutionGuid = {527F1A01-2504-47FD-847A-85480FC8BA34}
	EndGlobalSection
EndGlobal
